
Microsoft Visual Studio Solution File, Format Version 12.00
# Visual Studio 15
VisualStudioVersion = 15.0.28307.902
MinimumVisualStudioVersion = 10.0.40219.1
Project("{FAE04EC0-301F-11D3-BF4B-00C04F79EFBC}") = "CC_InvertColorBmp", "CC_InvertColorBmp\CC_InvertColorBmp.csproj", "{31607221-0446-4E01-ABAE-2DAC355D14BB}"
EndProject
Global
	GlobalSection(SolutionConfigurationPlatforms) = preSolution
		Debug|Any CPU = Debug|Any CPU
		Release|Any CPU = Release|Any CPU
	EndGlobalSection
	GlobalSection(ProjectConfigurationPlatforms) = postSolution
		{31607221-0446-4E01-ABAE-2DAC355D14BB}.Debug|Any CPU.ActiveCfg = Debug|Any CPU
		{31607221-0446-4E01-ABAE-2DAC355D14BB}.Debug|Any CPU.Build.0 = Debug|Any CPU
		{31607221-0446-4E01-ABAE-2DAC355D14BB}.Release|Any CPU.ActiveCfg = Release|Any CPU
		{31607221-0446-4E01-ABAE-2DAC355D14BB}.Release|Any CPU.Build.0 = Release|Any CPU
	EndGlobalSection
	GlobalSection(SolutionProperties) = preSolution
		HideSolutionNode = FALSE
	EndGlobalSection
	GlobalSection(ExtensibilityGlobals) = postSolution
		SolutionGuid = {21AFB9EC-33EF-4BF6-9345-EECA41937C35}
	EndGlobalSection
EndGlobal
